# THIS IS AN AUTOGENERATED FILE. DO NOT EDIT THIS FILE DIRECTLY.
# yarn lockfile v1


"@formatjs/ecma402-abstract@1.6.2":
  version "1.6.2"
  resolved "https://registry.npm.taobao.org/@formatjs/ecma402-abstract/download/@formatjs/ecma402-abstract-1.6.2.tgz#9d064a2cf790769aa6721e074fb5d5c357084bb9"
  integrity sha1-nQZKLPeQdpqmch4HT7XVw1cIS7k=
  dependencies:
    tslib "^2.1.0"

"@formatjs/intl-datetimeformat@3.2.12":
  version "3.2.12"
  resolved "https://registry.npm.taobao.org/@formatjs/intl-datetimeformat/download/@formatjs/intl-datetimeformat-3.2.12.tgz#c9b2e85f0267ee13ea615a8991995da3075e3b13"
  integrity sha1-ybLoXwJn7hPqYVqJkZldowdeOxM=
  dependencies:
    "@formatjs/ecma402-abstract" "1.6.2"
    tslib "^2.1.0"

"@formatjs/intl-displaynames@4.0.10":
  version "4.0.10"
  resolved "https://registry.npm.taobao.org/@formatjs/intl-displaynames/download/@formatjs/intl-displaynames-4.0.10.tgz?cache=0&other_urls=https%3A%2F%2Fregistry.npm.taobao.org%2F%40formatjs%2Fintl-displaynames%2Fdownload%2F%40formatjs%2Fintl-displaynames-4.0.10.tgz#5bbd1bbcd64a036b4be27798b650c864dcf4466a"
  integrity sha1-W70bvNZKA2tL4neYtlDIZNz0Rmo=
  dependencies:
    "@formatjs/ecma402-abstract" "1.6.2"
    tslib "^2.1.0"

"@formatjs/intl-listformat@5.0.10":
  version "5.0.10"
  resolved "https://registry.npm.taobao.org/@formatjs/intl-listformat/download/@formatjs/intl-listformat-5.0.10.tgz?cache=0&other_urls=https%3A%2F%2Fregistry.npm.taobao.org%2F%40formatjs%2Fintl-listformat%2Fdownload%2F%40formatjs%2Fintl-listformat-5.0.10.tgz#9f8c4ad5e8a925240e151ba794c41fba01f742cc"
  integrity sha1-n4xK1eipJSQOFRunlMQfugH3Qsw=
  dependencies:
    "@formatjs/ecma402-abstract" "1.6.2"
    tslib "^2.1.0"

"@formatjs/intl-relativetimeformat@8.1.2":
  version "8.1.2"
  resolved "https://registry.npm.taobao.org/@formatjs/intl-relativetimeformat/download/@formatjs/intl-relativetimeformat-8.1.2.tgz?cache=0&other_urls=https%3A%2F%2Fregistry.npm.taobao.org%2F%40formatjs%2Fintl-relativetimeformat%2Fdownload%2F%40formatjs%2Fintl-relativetimeformat-8.1.2.tgz#119f3dce97458991f86bf34a736880e4a7bc1697"
  integrity sha1-EZ89zpdFiZH4a/NKc2iA5Ke8Fpc=
  dependencies:
    "@formatjs/ecma402-abstract" "1.6.2"
    tslib "^2.1.0"

"@formatjs/intl@1.8.2":
  version "1.8.2"
  resolved "https://registry.npm.taobao.org/@formatjs/intl/download/@formatjs/intl-1.8.2.tgz#6090e6c1826a92e70668dfe08b4ba30127ea3a85"
  integrity sha1-YJDmwYJqkucGaN/gi0ujASfqOoU=
  dependencies:
    "@formatjs/ecma402-abstract" "1.6.2"
    "@formatjs/intl-datetimeformat" "3.2.12"
    "@formatjs/intl-displaynames" "4.0.10"
    "@formatjs/intl-listformat" "5.0.10"
    "@formatjs/intl-relativetimeformat" "8.1.2"
    fast-memoize "^2.5.2"
    intl-messageformat "9.5.2"
    intl-messageformat-parser "6.4.2"
    tslib "^2.1.0"

"@types/hoist-non-react-statics@^3.3.1":
  version "3.3.1"
  resolved "https://registry.npm.taobao.org/@types/hoist-non-react-statics/download/@types/hoist-non-react-statics-3.3.1.tgz#1124aafe5118cb591977aeb1ceaaed1070eb039f"
  integrity sha1-ESSq/lEYy1kZd66xzqrtEHDrA58=
  dependencies:
    "@types/react" "*"
    hoist-non-react-statics "^3.3.0"

"@types/prop-types@*":
  version "15.7.3"
  resolved "https://registry.npm.taobao.org/@types/prop-types/download/@types/prop-types-15.7.3.tgz?cache=0&sync_timestamp=1613380216163&other_urls=https%3A%2F%2Fregistry.npm.taobao.org%2F%40types%2Fprop-types%2Fdownload%2F%40types%2Fprop-types-15.7.3.tgz#2ab0d5da2e5815f94b0b9d4b95d1e5f243ab2ca7"
  integrity sha1-KrDV2i5YFflLC51LldHl8kOrLKc=

"@types/react@*":
  version "17.0.2"
  resolved "https://registry.npm.taobao.org/@types/react/download/@types/react-17.0.2.tgz#3de24c4efef902dd9795a49c75f760cbe4f7a5a8"
  integrity sha1-PeJMTv75At2XlaScdfdgy+T3pag=
  dependencies:
    "@types/prop-types" "*"
    csstype "^3.0.2"

csstype@^3.0.2:
  version "3.0.7"
  resolved "https://registry.npm.taobao.org/csstype/download/csstype-3.0.7.tgz?cache=0&sync_timestamp=1614159817634&other_urls=https%3A%2F%2Fregistry.npm.taobao.org%2Fcsstype%2Fdownload%2Fcsstype-3.0.7.tgz#2a5fb75e1015e84dd15692f71e89a1450290950b"
  integrity sha1-Kl+3XhAV6E3RVpL3HomhRQKQlQs=

fast-memoize@^2.5.2:
  version "2.5.2"
  resolved "https://registry.npm.taobao.org/fast-memoize/download/fast-memoize-2.5.2.tgz#79e3bb6a4ec867ea40ba0e7146816f6cdce9b57e"
  integrity sha1-eeO7ak7IZ+pAug5xRoFvbNzptX4=

hoist-non-react-statics@^3.3.0, hoist-non-react-statics@^3.3.2:
  version "3.3.2"
  resolved "https://registry.npm.taobao.org/hoist-non-react-statics/download/hoist-non-react-statics-3.3.2.tgz#ece0acaf71d62c2969c2ec59feff42a4b1a85b45"
  integrity sha1-7OCsr3HWLClpwuxZ/v9CpLGoW0U=
  dependencies:
    react-is "^16.7.0"

intl-messageformat-parser@6.4.2:
  version "6.4.2"
  resolved "https://registry.npm.taobao.org/intl-messageformat-parser/download/intl-messageformat-parser-6.4.2.tgz?cache=0&sync_timestamp=1614577594565&other_urls=https%3A%2F%2Fregistry.npm.taobao.org%2Fintl-messageformat-parser%2Fdownload%2Fintl-messageformat-parser-6.4.2.tgz#e2d28c3156c27961ead9d613ca55b6a155078d7d"
  integrity sha1-4tKMMVbCeWHq2dYTylW2oVUHjX0=
  dependencies:
    "@formatjs/ecma402-abstract" "1.6.2"
    tslib "^2.1.0"

intl-messageformat@9.5.2:
  version "9.5.2"
  resolved "https://registry.npm.taobao.org/intl-messageformat/download/intl-messageformat-9.5.2.tgz#e72d32152c760b7411e413780e462909987c005a"
  integrity sha1-5y0yFSx2C3QR5BN4DkYpCZh8AFo=
  dependencies:
    fast-memoize "^2.5.2"
    intl-messageformat-parser "6.4.2"
    tslib "^2.1.0"

prettier@^2.2.1:
  version "2.2.1"
  resolved "https://registry.npm.taobao.org/prettier/download/prettier-2.2.1.tgz?cache=0&sync_timestamp=1606521409892&other_urls=https%3A%2F%2Fregistry.npm.taobao.org%2Fprettier%2Fdownload%2Fprettier-2.2.1.tgz#795a1a78dd52f073da0cd42b21f9c91381923ff5"
  integrity sha1-eVoaeN1S8HPaDNQrIfnJE4GSP/U=

react-intl@^5.13.2:
  version "5.13.2"
  resolved "https://registry.npm.taobao.org/react-intl/download/react-intl-5.13.2.tgz?cache=0&sync_timestamp=1614577596563&other_urls=https%3A%2F%2Fregistry.npm.taobao.org%2Freact-intl%2Fdownload%2Freact-intl-5.13.2.tgz#b0f49c301504bed380a8468e83d28494cdb073db"
  integrity sha1-sPScMBUEvtOAqEaOg9KElM2wc9s=
  dependencies:
    "@formatjs/ecma402-abstract" "1.6.2"
    "@formatjs/intl" "1.8.2"
    "@formatjs/intl-displaynames" "4.0.10"
    "@formatjs/intl-listformat" "5.0.10"
    "@formatjs/intl-relativetimeformat" "8.1.2"
    "@types/hoist-non-react-statics" "^3.3.1"
    fast-memoize "^2.5.2"
    hoist-non-react-statics "^3.3.2"
    intl-messageformat "9.5.2"
    intl-messageformat-parser "6.4.2"
    tslib "^2.1.0"

react-is@^16.7.0:
  version "16.13.1"
  resolved "https://registry.npm.taobao.org/react-is/download/react-is-16.13.1.tgz?cache=0&sync_timestamp=1614788147639&other_urls=https%3A%2F%2Fregistry.npm.taobao.org%2Freact-is%2Fdownload%2Freact-is-16.13.1.tgz#789729a4dc36de2999dc156dd6c1d9c18cea56a4"
  integrity sha1-eJcppNw23imZ3BVt1sHZwYzqVqQ=

tslib@^2.1.0:
  version "2.1.0"
  resolved "https://registry.npm.taobao.org/tslib/download/tslib-2.1.0.tgz?cache=0&sync_timestamp=1609887581211&other_urls=https%3A%2F%2Fregistry.npm.taobao.org%2Ftslib%2Fdownload%2Ftslib-2.1.0.tgz#da60860f1c2ecaa5703ab7d39bc05b6bf988b97a"
  integrity sha1-2mCGDxwuyqVwOrfTm8Bba/mIuXo=
